
Microsoft Visual Studio Solution File, Format Version 12.00
# Visual Studio 14
VisualStudioVersion = 14.0.24720.0
MinimumVisualStudioVersion = 10.0.40219.1
Project("{FAE04EC0-301F-11D3-BF4B-00C04F79EFBC}") = "App For PayPal", "App For PayPal\App For PayPal.csproj", "{1E34ABE8-DB18-4C4B-ABA3-F33212745226}"
EndProject
Project("{FAE04EC0-301F-11D3-BF4B-00C04F79EFBC}") = "Group Engine", "C:\Users\matah\Documents\Visual Studio 2015\Projects\Group Engine\Group Engine\Group Engine.csproj", "{A63AB052-8259-4603-A18E-CF6E58EB68BF}"
EndProject
Project("{8BC9CEB8-8B4A-11D0-8D11-00A0C91BC942}") = "CppSchool", "C:\Users\matah\Documents\Visual Studio 2015\Projects\CppSchool\CppSchool\CppSchool.vcxproj", "{06F32AB4-62CB-4C3D-97F7-237E82FE8E33}"
EndProject
Global
	GlobalSection(SolutionConfigurationPlatforms) = preSolution
		Debug|Any CPU = Debug|Any CPU
		Debug|x64 = Debug|x64
		Debug|x86 = Debug|x86
		Release|Any CPU = Release|Any CPU
		Release|x64 = Release|x64
		Release|x86 = Release|x86
	EndGlobalSection
	GlobalSection(ProjectConfigurationPlatforms) = postSolution
		{1E34ABE8-DB18-4C4B-ABA3-F33212745226}.Debug|Any CPU.ActiveCfg = Debug|Any CPU
		{1E34ABE8-DB18-4C4B-ABA3-F33212745226}.Debug|Any CPU.Build.0 = Debug|Any CPU
		{1E34ABE8-DB18-4C4B-ABA3-F33212745226}.Debug|x64.ActiveCfg = Debug|Any CPU
		{1E34ABE8-DB18-4C4B-ABA3-F33212745226}.Debug|x64.Build.0 = Debug|Any CPU
		{1E34ABE8-DB18-4C4B-ABA3-F33212745226}.Debug|x86.ActiveCfg = Debug|Any CPU
		{1E34ABE8-DB18-4C4B-ABA3-F33212745226}.Debug|x86.Build.0 = Debug|Any CPU
		{1E34ABE8-DB18-4C4B-ABA3-F33212745226}.Release|Any CPU.ActiveCfg = Release|Any CPU
		{1E34ABE8-DB18-4C4B-ABA3-F33212745226}.Release|Any CPU.Build.0 = Release|Any CPU
		{1E34ABE8-DB18-4C4B-ABA3-F33212745226}.Release|x64.ActiveCfg = Release|Any CPU
		{1E34ABE8-DB18-4C4B-ABA3-F33212745226}.Release|x64.Build.0 = Release|Any CPU
		{1E34ABE8-DB18-4C4B-ABA3-F33212745226}.Release|x86.ActiveCfg = Release|Any CPU
		{1E34ABE8-DB18-4C4B-ABA3-F33212745226}.Release|x86.Build.0 = Release|Any CPU
		{A63AB052-8259-4603-A18E-CF6E58EB68BF}.Debug|Any CPU.ActiveCfg = Debug|Any CPU
		{A63AB052-8259-4603-A18E-CF6E58EB68BF}.Debug|Any CPU.Build.0 = Debug|Any CPU
		{A63AB052-8259-4603-A18E-CF6E58EB68BF}.Debug|x64.ActiveCfg = Debug|Any CPU
		{A63AB052-8259-4603-A18E-CF6E58EB68BF}.Debug|x64.Build.0 = Debug|Any CPU
		{A63AB052-8259-4603-A18E-CF6E58EB68BF}.Debug|x86.ActiveCfg = Debug|Any CPU
		{A63AB052-8259-4603-A18E-CF6E58EB68BF}.Debug|x86.Build.0 = Debug|Any CPU
		{A63AB052-8259-4603-A18E-CF6E58EB68BF}.Release|Any CPU.ActiveCfg = Release|Any CPU
		{A63AB052-8259-4603-A18E-CF6E58EB68BF}.Release|Any CPU.Build.0 = Release|Any CPU
		{A63AB052-8259-4603-A18E-CF6E58EB68BF}.Release|x64.ActiveCfg = Release|Any CPU
		{A63AB052-8259-4603-A18E-CF6E58EB68BF}.Release|x64.Build.0 = Release|Any CPU
		{A63AB052-8259-4603-A18E-CF6E58EB68BF}.Release|x86.ActiveCfg = Release|Any CPU
		{A63AB052-8259-4603-A18E-CF6E58EB68BF}.Release|x86.Build.0 = Release|Any CPU
		{06F32AB4-62CB-4C3D-97F7-237E82FE8E33}.Debug|Any CPU.ActiveCfg = Debug|Win32
		{06F32AB4-62CB-4C3D-97F7-237E82FE8E33}.Debug|x64.ActiveCfg = Debug|x64
		{06F32AB4-62CB-4C3D-97F7-237E82FE8E33}.Debug|x64.Build.0 = Debug|x64
		{06F32AB4-62CB-4C3D-97F7-237E82FE8E33}.Debug|x86.ActiveCfg = Debug|Win32
		{06F32AB4-62CB-4C3D-97F7-237E82FE8E33}.Debug|x86.Build.0 = Debug|Win32
		{06F32AB4-62CB-4C3D-97F7-237E82FE8E33}.Release|Any CPU.ActiveCfg = Release|Win32
		{06F32AB4-62CB-4C3D-97F7-237E82FE8E33}.Release|x64.ActiveCfg = Release|x64
		{06F32AB4-62CB-4C3D-97F7-237E82FE8E33}.Release|x64.Build.0 = Release|x64
		{06F32AB4-62CB-4C3D-97F7-237E82FE8E33}.Release|x86.ActiveCfg = Release|Win32
		{06F32AB4-62CB-4C3D-97F7-237E82FE8E33}.Release|x86.Build.0 = Release|Win32
	EndGlobalSection
	GlobalSection(SolutionProperties) = preSolution
		HideSolutionNode = FALSE
	EndGlobalSection
EndGlobal
